
Microsoft Visual Studio Solution File, Format Version 12.00
# Visual Studio 15
VisualStudioVersion = 15.0.27703.2035
MinimumVisualStudioVersion = 10.0.40219.1
Project("{FAE04EC0-301F-11D3-BF4B-00C04F79EFBC}") = "ThermAlarm.EventProcessor", "ThermAlarm.EventProcessor\ThermAlarm.EventProcessor.csproj", "{30D9B6CD-6552-4D7E-AA9E-6EDADCAB0393}"
EndProject
Project("{FAE04EC0-301F-11D3-BF4B-00C04F79EFBC}") = "ThermAlarm.Common", "ThermAlarm.Common\ThermAlarm.Common.csproj", "{7BC91EE0-785E-467E-8FDD-F6352F402439}"
EndProject
Global
	GlobalSection(SolutionConfigurationPlatforms) = preSolution
		Debug|Any CPU = Debug|Any CPU
		Release|Any CPU = Release|Any CPU
	EndGlobalSection
	GlobalSection(ProjectConfigurationPlatforms) = postSolution
		{30D9B6CD-6552-4D7E-AA9E-6EDADCAB0393}.Debug|Any CPU.ActiveCfg = Debug|Any CPU
		{30D9B6CD-6552-4D7E-AA9E-6EDADCAB0393}.Debug|Any CPU.Build.0 = Debug|Any CPU
		{30D9B6CD-6552-4D7E-AA9E-6EDADCAB0393}.Release|Any CPU.ActiveCfg = Release|Any CPU
		{30D9B6CD-6552-4D7E-AA9E-6EDADCAB0393}.Release|Any CPU.Build.0 = Release|Any CPU
		{7BC91EE0-785E-467E-8FDD-F6352F402439}.Debug|Any CPU.ActiveCfg = Debug|Any CPU
		{7BC91EE0-785E-467E-8FDD-F6352F402439}.Debug|Any CPU.Build.0 = Debug|Any CPU
		{7BC91EE0-785E-467E-8FDD-F6352F402439}.Release|Any CPU.ActiveCfg = Release|Any CPU
		{7BC91EE0-785E-467E-8FDD-F6352F402439}.Release|Any CPU.Build.0 = Release|Any CPU
	EndGlobalSection
	GlobalSection(SolutionProperties) = preSolution
		HideSolutionNode = FALSE
	EndGlobalSection
	GlobalSection(ExtensibilityGlobals) = postSolution
		SolutionGuid = {3D4781C5-1D75-438B-8117-EC6070EA1806}
	EndGlobalSection
EndGlobal
