
Microsoft Visual Studio Solution File, Format Version 12.00
# Visual Studio 15
VisualStudioVersion = 15.0.27703.2035
MinimumVisualStudioVersion = 10.0.40219.1
Project("{9A19103F-16F7-4668-BE54-9A1E7A4F7556}") = "ThermAlarm.EventProcessor", "ThermAlarm.EventProcessor\ThermAlarm.EventProcessor.csproj", "{30D9B6CD-6552-4D7E-AA9E-6EDADCAB0393}"
EndProject
Project("{9A19103F-16F7-4668-BE54-9A1E7A4F7556}") = "ThermAlarm.Common", "ThermAlarm.Common\ThermAlarm.Common.csproj", "{7BC91EE0-785E-467E-8FDD-F6352F402439}"
EndProject
Project("{9A19103F-16F7-4668-BE54-9A1E7A4F7556}") = "ThermAlarm.DeviceMgr", "ThermAlarm.DeviceMgr\ThermAlarm.DeviceMgr.csproj", "{F4453D3C-5C17-4D06-8EDE-2836C412B640}"
EndProject
Project("{9A19103F-16F7-4668-BE54-9A1E7A4F7556}") = "ThermAlarm.FrontEnd.WebApp", "..\..\..\Visual Studio 2017\Projects\ThermAlarm\ThermAlarm-FrontEnd-WebApp\ThermAlarm.FrontEnd.WebApp.csproj", "{30DD2005-C510-48BB-8557-7E26F6FA2A87}"
EndProject
Project("{9A19103F-16F7-4668-BE54-9A1E7A4F7556}") = "ThermAlarm.BackEnd.API", "..\..\..\Visual Studio 2017\Projects\ThermAlarm\APIApp\ThermAlarm.BackEnd.API.csproj", "{5E0B049F-6FBF-4934-A250-687A54F339DC}"
EndProject
Global
	GlobalSection(SolutionConfigurationPlatforms) = preSolution
		Debug|Any CPU = Debug|Any CPU
		Release|Any CPU = Release|Any CPU
	EndGlobalSection
	GlobalSection(ProjectConfigurationPlatforms) = postSolution
		{30D9B6CD-6552-4D7E-AA9E-6EDADCAB0393}.Debug|Any CPU.ActiveCfg = Debug|Any CPU
		{30D9B6CD-6552-4D7E-AA9E-6EDADCAB0393}.Debug|Any CPU.Build.0 = Debug|Any CPU
		{30D9B6CD-6552-4D7E-AA9E-6EDADCAB0393}.Release|Any CPU.ActiveCfg = Release|Any CPU
		{30D9B6CD-6552-4D7E-AA9E-6EDADCAB0393}.Release|Any CPU.Build.0 = Release|Any CPU
		{7BC91EE0-785E-467E-8FDD-F6352F402439}.Debug|Any CPU.ActiveCfg = Debug|Any CPU
		{7BC91EE0-785E-467E-8FDD-F6352F402439}.Debug|Any CPU.Build.0 = Debug|Any CPU
		{7BC91EE0-785E-467E-8FDD-F6352F402439}.Release|Any CPU.ActiveCfg = Release|Any CPU
		{7BC91EE0-785E-467E-8FDD-F6352F402439}.Release|Any CPU.Build.0 = Release|Any CPU
		{F4453D3C-5C17-4D06-8EDE-2836C412B640}.Debug|Any CPU.ActiveCfg = Debug|Any CPU
		{F4453D3C-5C17-4D06-8EDE-2836C412B640}.Debug|Any CPU.Build.0 = Debug|Any CPU
		{F4453D3C-5C17-4D06-8EDE-2836C412B640}.Release|Any CPU.ActiveCfg = Release|Any CPU
		{F4453D3C-5C17-4D06-8EDE-2836C412B640}.Release|Any CPU.Build.0 = Release|Any CPU
		{30DD2005-C510-48BB-8557-7E26F6FA2A87}.Debug|Any CPU.ActiveCfg = Debug|Any CPU
		{30DD2005-C510-48BB-8557-7E26F6FA2A87}.Debug|Any CPU.Build.0 = Debug|Any CPU
		{30DD2005-C510-48BB-8557-7E26F6FA2A87}.Release|Any CPU.ActiveCfg = Release|Any CPU
		{30DD2005-C510-48BB-8557-7E26F6FA2A87}.Release|Any CPU.Build.0 = Release|Any CPU
		{5E0B049F-6FBF-4934-A250-687A54F339DC}.Debug|Any CPU.ActiveCfg = Debug|Any CPU
		{5E0B049F-6FBF-4934-A250-687A54F339DC}.Debug|Any CPU.Build.0 = Debug|Any CPU
		{5E0B049F-6FBF-4934-A250-687A54F339DC}.Release|Any CPU.ActiveCfg = Release|Any CPU
		{5E0B049F-6FBF-4934-A250-687A54F339DC}.Release|Any CPU.Build.0 = Release|Any CPU
	EndGlobalSection
	GlobalSection(SolutionProperties) = preSolution
		HideSolutionNode = FALSE
	EndGlobalSection
	GlobalSection(ExtensibilityGlobals) = postSolution
		SolutionGuid = {3D4781C5-1D75-438B-8117-EC6070EA1806}
	EndGlobalSection
EndGlobal
